// !$*UTF8*$!
{
	archiveVersion = 1;
	classes = {
	};
	objectVersion = 77;
	objects = {

/* Begin PBXBuildFile section */
		796C44F72EA96019004A2403 /* APIService.swift in Sources */ = {isa = PBXBuildFile; fileRef = 796C44F62EA96019004A2403 /* APIService.swift */; };
		796C44F92EA96029004A2403 /* CatalogView.swift in Sources */ = {isa = PBXBuildFile; fileRef = 796C44F82EA96029004A2403 /* CatalogView.swift */; };
		796C44FB2EA96032004A2403 /* ContentView.swift in Sources */ = {isa = PBXBuildFile; fileRef = 796C44FA2EA96032004A2403 /* ContentView.swift */; };
		796C44FD2EA9603B004A2403 /* HomiApp.swift in Sources */ = {isa = PBXBuildFile; fileRef = 796C44FC2EA9603B004A2403 /* HomiApp.swift */; };
		796C44FF2EA96043004A2403 /* LayoutManager.swift in Sources */ = {isa = PBXBuildFile; fileRef = 796C44FE2EA96043004A2403 /* LayoutManager.swift */; };
		796C45012EA9604A004A2403 /* Models.swift in Sources */ = {isa = PBXBuildFile; fileRef = 796C45002EA9604A004A2403 /* Models.swift */; };
		796C45032EA96053004A2403 /* RoomView.swift in Sources */ = {isa = PBXBuildFile; fileRef = 796C45022EA96053004A2403 /* RoomView.swift */; };
		796C45062EA9605A004A2403 /* Preview Assets.xcassets in Resources */ = {isa = PBXBuildFile; fileRef = 796C45042EA9605A004A2403 /* Preview Assets.xcassets */; };
		796C45082EA960F0004A2403 /* Assets.xcassets in Resources */ = {isa = PBXBuildFile; fileRef = 796C45072EA960F0004A2403 /* Assets.xcassets */; };
		796C45282EBADF3A004A2403 /* Bookshelf.usdz in Resources */ = {isa = PBXBuildFile; fileRef = 796C45212EBADF3A004A2403 /* Bookshelf.usdz */; };
		796C45292EBADF3A004A2403 /* Desktop_speaker_with_a_wooden_enclosure.usdz in Resources */ = {isa = PBXBuildFile; fileRef = 796C45232EBADF3A004A2403 /* Desktop_speaker_with_a_wooden_enclosure.usdz */; };
		796C452A2EBADF3A004A2403 /* Office_desks_wooden.usdz in Resources */ = {isa = PBXBuildFile; fileRef = 796C45252EBADF3A004A2403 /* Office_desks_wooden.usdz */; };
		796C452B2EBADF3A004A2403 /* Cozy_Elegance.usdz in Resources */ = {isa = PBXBuildFile; fileRef = 796C45222EBADF3A004A2403 /* Cozy_Elegance.usdz */; };
		796C452C2EBADF3A004A2403 /* Bed.usdz in Resources */ = {isa = PBXBuildFile; fileRef = 796C45202EBADF3A004A2403 /* Bed.usdz */; };
		796C452D2EBADF3A004A2403 /* Gameready_Gaming_Chair.usdz in Resources */ = {isa = PBXBuildFile; fileRef = 796C45242EBADF3A004A2403 /* Gameready_Gaming_Chair.usdz */; };
		796C452E2EBADF3A004A2403 /* PorTable.usdz in Resources */ = {isa = PBXBuildFile; fileRef = 796C45262EBADF3A004A2403 /* PorTable.usdz */; };
/* End PBXBuildFile section */

/* Begin PBXFileReference section */
		796C44E82EA958A9004A2403 /* Homi.app */ = {isa = PBXFileReference; explicitFileType = wrapper.application; includeInIndex = 0; name = Homi.app; path = "/Users/phongtang/Documents/Homi/Homi/Frontend/Homi/build/Debug-iphoneos/Homi.app"; sourceTree = "<absolute>"; };
		796C44F62EA96019004A2403 /* APIService.swift */ = {isa = PBXFileReference; lastKnownFileType = sourcecode.swift; path = APIService.swift; sourceTree = "<group>"; };
		796C44F82EA96029004A2403 /* CatalogView.swift */ = {isa = PBXFileReference; lastKnownFileType = sourcecode.swift; path = CatalogView.swift; sourceTree = "<group>"; };
		796C44FA2EA96032004A2403 /* ContentView.swift */ = {isa = PBXFileReference; lastKnownFileType = sourcecode.swift; path = ContentView.swift; sourceTree = "<group>"; };
		796C44FC2EA9603B004A2403 /* HomiApp.swift */ = {isa = PBXFileReference; lastKnownFileType = sourcecode.swift; path = HomiApp.swift; sourceTree = "<group>"; };
		796C44FE2EA96043004A2403 /* LayoutManager.swift */ = {isa = PBXFileReference; lastKnownFileType = sourcecode.swift; path = LayoutManager.swift; sourceTree = "<group>"; };
		796C45002EA9604A004A2403 /* Models.swift */ = {isa = PBXFileReference; lastKnownFileType = sourcecode.swift; path = Models.swift; sourceTree = "<group>"; };
		796C45022EA96053004A2403 /* RoomView.swift */ = {isa = PBXFileReference; lastKnownFileType = sourcecode.swift; path = RoomView.swift; sourceTree = "<group>"; };
		796C45042EA9605A004A2403 /* Preview Assets.xcassets */ = {isa = PBXFileReference; lastKnownFileType = folder.assetcatalog; path = "Preview Assets.xcassets"; sourceTree = "<group>"; };
		796C45072EA960F0004A2403 /* Assets.xcassets */ = {isa = PBXFileReference; lastKnownFileType = folder.assetcatalog; path = Assets.xcassets; sourceTree = "<group>"; };
		796C45202EBADF3A004A2403 /* Bed.usdz */ = {isa = PBXFileReference; lastKnownFileType = file; path = Bed.usdz; sourceTree = "<group>"; };
		796C45212EBADF3A004A2403 /* Bookshelf.usdz */ = {isa = PBXFileReference; lastKnownFileType = file; path = Bookshelf.usdz; sourceTree = "<group>"; };
		796C45222EBADF3A004A2403 /* Cozy_Elegance.usdz */ = {isa = PBXFileReference; lastKnownFileType = file; path = Cozy_Elegance.usdz; sourceTree = "<group>"; };
		796C45232EBADF3A004A2403 /* Desktop_speaker_with_a_wooden_enclosure.usdz */ = {isa = PBXFileReference; lastKnownFileType = file; path = Desktop_speaker_with_a_wooden_enclosure.usdz; sourceTree = "<group>"; };
		796C45242EBADF3A004A2403 /* Gameready_Gaming_Chair.usdz */ = {isa = PBXFileReference; lastKnownFileType = file; path = Gameready_Gaming_Chair.usdz; sourceTree = "<group>"; };
		796C45252EBADF3A004A2403 /* Office_desks_wooden.usdz */ = {isa = PBXFileReference; lastKnownFileType = file; path = Office_desks_wooden.usdz; sourceTree = "<group>"; };
		796C45262EBADF3A004A2403 /* PorTable.usdz */ = {isa = PBXFileReference; lastKnownFileType = file; path = PorTable.usdz; sourceTree = "<group>"; };
/* End PBXFileReference section */

/* Begin PBXFrameworksBuildPhase section */
		796C44E52EA958A9004A2403 /* Frameworks */ = {
			isa = PBXFrameworksBuildPhase;
			buildActionMask = 2147483647;
			files = (
			);
			runOnlyForDeploymentPostprocessing = 0;
		};
/* End PBXFrameworksBuildPhase section */

/* Begin PBXGroup section */
		796C44DF2EA958A9004A2403 = {
			isa = PBXGroup;
			children = (
				796C451F2EBADE26004A2403 /* New Group */,
				796C45072EA960F0004A2403 /* Assets.xcassets */,
				796C45052EA9605A004A2403 /* Preview Content */,
				796C45022EA96053004A2403 /* RoomView.swift */,
				796C45002EA9604A004A2403 /* Models.swift */,
				796C44FE2EA96043004A2403 /* LayoutManager.swift */,
				796C44FC2EA9603B004A2403 /* HomiApp.swift */,
				796C44FA2EA96032004A2403 /* ContentView.swift */,
				796C44F82EA96029004A2403 /* CatalogView.swift */,
				796C44F62EA96019004A2403 /* APIService.swift */,
				796C45272EBADF3A004A2403 /* 3Dmodels */,
			);
			sourceTree = "<group>";
		};
		796C45052EA9605A004A2403 /* Preview Content */ = {
			isa = PBXGroup;
			children = (
				796C45042EA9605A004A2403 /* Preview Assets.xcassets */,
			);
			path = "Preview Content";
			sourceTree = "<group>";
		};
		796C451F2EBADE26004A2403 /* New Group */ = {
			isa = PBXGroup;
			children = (
			);
			path = "New Group";
			sourceTree = "<group>";
		};
		796C45272EBADF3A004A2403 /* 3Dmodels */ = {
			isa = PBXGroup;
			children = (
				796C45202EBADF3A004A2403 /* Bed.usdz */,
				796C45212EBADF3A004A2403 /* Bookshelf.usdz */,
				796C45222EBADF3A004A2403 /* Cozy_Elegance.usdz */,
				796C45232EBADF3A004A2403 /* Desktop_speaker_with_a_wooden_enclosure.usdz */,
				796C45242EBADF3A004A2403 /* Gameready_Gaming_Chair.usdz */,
				796C45252EBADF3A004A2403 /* Office_desks_wooden.usdz */,
				796C45262EBADF3A004A2403 /* PorTable.usdz */,
			);
			path = 3Dmodels;
			sourceTree = "<group>";
		};
/* End PBXGroup section */

/* Begin PBXNativeTarget section */
		796C44E72EA958A9004A2403 /* Homi */ = {
			isa = PBXNativeTarget;
			buildConfigurationList = 796C44F32EA958AC004A2403 /* Build configuration list for PBXNativeTarget "Homi" */;
			buildPhases = (
				796C44E42EA958A9004A2403 /* Sources */,
				796C44E52EA958A9004A2403 /* Frameworks */,
				796C44E62EA958A9004A2403 /* Resources */,
			);
			buildRules = (
			);
			dependencies = (
			);
			name = Homi;
			packageProductDependencies = (
			);
			productName = Homi;
			productReference = 796C44E82EA958A9004A2403 /* Homi.app */;
			productType = "com.apple.product-type.application";
		};
/* End PBXNativeTarget section */

/* Begin PBXProject section */
		796C44E02EA958A9004A2403 /* Project object */ = {
			isa = PBXProject;
			attributes = {
				BuildIndependentTargetsInParallel = 1;
				LastSwiftUpdateCheck = 2600;
				LastUpgradeCheck = 2600;
				TargetAttributes = {
					796C44E72EA958A9004A2403 = {
						CreatedOnToolsVersion = 26.0.1;
						LastSwiftMigration = 2600;
					};
				};
			};
			buildConfigurationList = 796C44E32EA958A9004A2403 /* Build configuration list for PBXProject "Homi" */;
			developmentRegion = en;
			hasScannedForEncodings = 0;
			knownRegions = (
				en,
				Base,
			);
			mainGroup = 796C44DF2EA958A9004A2403;
			minimizedProjectReferenceProxies = 1;
			preferredProjectObjectVersion = 77;
			productRefGroup = 796C44DF2EA958A9004A2403;
			projectDirPath = "";
			projectRoot = "";
			targets = (
				796C44E72EA958A9004A2403 /* Homi */,
			);
		};
/* End PBXProject section */

/* Begin PBXResourcesBuildPhase section */
		796C44E62EA958A9004A2403 /* Resources */ = {
			isa = PBXResourcesBuildPhase;
			buildActionMask = 2147483647;
			files = (
				796C45082EA960F0004A2403 /* Assets.xcassets in Resources */,
				796C45062EA9605A004A2403 /* Preview Assets.xcassets in Resources */,
				796C45282EBADF3A004A2403 /* Bookshelf.usdz in Resources */,
				796C45292EBADF3A004A2403 /* Desktop_speaker_with_a_wooden_enclosure.usdz in Resources */,
				796C452A2EBADF3A004A2403 /* Office_desks_wooden.usdz in Resources */,
				796C452B2EBADF3A004A2403 /* Cozy_Elegance.usdz in Resources */,
				796C452C2EBADF3A004A2403 /* Bed.usdz in Resources */,
				796C452D2EBADF3A004A2403 /* Gameready_Gaming_Chair.usdz in Resources */,
				796C452E2EBADF3A004A2403 /* PorTable.usdz in Resources */,
			);
			runOnlyForDeploymentPostprocessing = 0;
		};
/* End PBXResourcesBuildPhase section */

/* Begin PBXSourcesBuildPhase section */
		796C44E42EA958A9004A2403 /* Sources */ = {
			isa = PBXSourcesBuildPhase;
			buildActionMask = 2147483647;
			files = (
				796C44FF2EA96043004A2403 /* LayoutManager.swift in Sources */,
				796C44F92EA96029004A2403 /* CatalogView.swift in Sources */,
				796C44F72EA96019004A2403 /* APIService.swift in Sources */,
				796C45032EA96053004A2403 /* RoomView.swift in Sources */,
				796C45012EA9604A004A2403 /* Models.swift in Sources */,
				796C44FD2EA9603B004A2403 /* HomiApp.swift in Sources */,
				796C44FB2EA96032004A2403 /* ContentView.swift in Sources */,
			);
			runOnlyForDeploymentPostprocessing = 0;
		};
/* End PBXSourcesBuildPhase section */

/* Begin XCBuildConfiguration section */
		796C44F12EA958AC004A2403 /* Debug */ = {
			isa = XCBuildConfiguration;
			buildSettings = {
				ALWAYS_SEARCH_USER_PATHS = NO;
				ASSETCATALOG_COMPILER_GENERATE_SWIFT_ASSET_SYMBOL_EXTENSIONS = YES;
				CLANG_ANALYZER_NONNULL = YES;
				CLANG_ANALYZER_NUMBER_OBJECT_CONVERSION = YES_AGGRESSIVE;
				CLANG_CXX_LANGUAGE_STANDARD = "gnu++20";
				CLANG_ENABLE_MODULES = YES;
				CLANG_ENABLE_OBJC_ARC = YES;
				CLANG_ENABLE_OBJC_WEAK = YES;
				CLANG_WARN_BLOCK_CAPTURE_AUTORELEASING = YES;
				CLANG_WARN_BOOL_CONVERSION = YES;
				CLANG_WARN_COMMA = YES;
				CLANG_WARN_CONSTANT_CONVERSION = YES;
				CLANG_WARN_DEPRECATED_OBJC_IMPLEMENTATIONS = YES;
				CLANG_WARN_DIRECT_OBJC_ISA_USAGE = YES_ERROR;
				CLANG_WARN_DOCUMENTATION_COMMENTS = YES;
				CLANG_WARN_EMPTY_BODY = YES;
				CLANG_WARN_ENUM_CONVERSION = YES;
				CLANG_WARN_INFINITE_RECURSION = YES;
				CLANG_WARN_INT_CONVERSION = YES;
				CLANG_WARN_NON_LITERAL_NULL_CONVERSION = YES;
				CLANG_WARN_OBJC_IMPLICIT_RETAIN_SELF = YES;
				CLANG_WARN_OBJC_LITERAL_CONVERSION = YES;
				CLANG_WARN_OBJC_ROOT_CLASS = YES_ERROR;
				CLANG_WARN_QUOTED_INCLUDE_IN_FRAMEWORK_HEADER = YES;
				CLANG_WARN_RANGE_LOOP_ANALYSIS = YES;
				CLANG_WARN_STRICT_PROTOTYPES = YES;
				CLANG_WARN_SUSPICIOUS_MOVE = YES;
				CLANG_WARN_UNGUARDED_AVAILABILITY = YES_AGGRESSIVE;
				CLANG_WARN_UNREACHABLE_CODE = YES;
				CLANG_WARN__DUPLICATE_METHOD_MATCH = YES;
				COPY_PHASE_STRIP = NO;
				DEBUG_INFORMATION_FORMAT = dwarf;
				ENABLE_STRICT_OBJC_MSGSEND = YES;
				ENABLE_TESTABILITY = YES;
				ENABLE_USER_SCRIPT_SANDBOXING = YES;
				GCC_C_LANGUAGE_STANDARD = gnu17;
				GCC_DYNAMIC_NO_PIC = NO;
				GCC_NO_COMMON_BLOCKS = YES;
				GCC_OPTIMIZATION_LEVEL = 0;
				GCC_PREPROCESSOR_DEFINITIONS = (
					"DEBUG=1",
					"$(inherited)",
				);
				GCC_WARN_64_TO_32_BIT_CONVERSION = YES;
				GCC_WARN_ABOUT_RETURN_TYPE = YES_ERROR;
				GCC_WARN_UNDECLARED_SELECTOR = YES;
				GCC_WARN_UNINITIALIZED_AUTOS = YES_AGGRESSIVE;
				GCC_WARN_UNUSED_FUNCTION = YES;
				GCC_WARN_UNUSED_VARIABLE = YES;
				IPHONEOS_DEPLOYMENT_TARGET = 26.0;
				LOCALIZATION_PREFERS_STRING_CATALOGS = YES;
				MTL_ENABLE_DEBUG_INFO = INCLUDE_SOURCE;
				MTL_FAST_MATH = YES;
				ONLY_ACTIVE_ARCH = YES;
				SDKROOT = iphoneos;
				SWIFT_ACTIVE_COMPILATION_CONDITIONS = "DEBUG $(inherited)";
				SWIFT_OPTIMIZATION_LEVEL = "-Onone";
			};
			name = Debug;
		};
		796C44F22EA958AC004A2403 /* Release */ = {
			isa = XCBuildConfiguration;
			buildSettings = {
				ALWAYS_SEARCH_USER_PATHS = NO;
				ASSETCATALOG_COMPILER_GENERATE_SWIFT_ASSET_SYMBOL_EXTENSIONS = YES;
				CLANG_ANALYZER_NONNULL = YES;
				CLANG_ANALYZER_NUMBER_OBJECT_CONVERSION = YES_AGGRESSIVE;
				CLANG_CXX_LANGUAGE_STANDARD = "gnu++20";
				CLANG_ENABLE_MODULES = YES;
				CLANG_ENABLE_OBJC_ARC = YES;
				CLANG_ENABLE_OBJC_WEAK = YES;
				CLANG_WARN_BLOCK_CAPTURE_AUTORELEASING = YES;
				CLANG_WARN_BOOL_CONVERSION = YES;
				CLANG_WARN_COMMA = YES;
				CLANG_WARN_CONSTANT_CONVERSION = YES;
				CLANG_WARN_DEPRECATED_OBJC_IMPLEMENTATIONS = YES;
				CLANG_WARN_DIRECT_OBJC_ISA_USAGE = YES_ERROR;
				CLANG_WARN_DOCUMENTATION_COMMENTS = YES;
				CLANG_WARN_EMPTY_BODY = YES;
				CLANG_WARN_ENUM_CONVERSION = YES;
				CLANG_WARN_INFINITE_RECURSION = YES;
				CLANG_WARN_INT_CONVERSION = YES;
				CLANG_WARN_NON_LITERAL_NULL_CONVERSION = YES;
				CLANG_WARN_OBJC_IMPLICIT_RETAIN_SELF = YES;
				CLANG_WARN_OBJC_LITERAL_CONVERSION = YES;
				CLANG_WARN_OBJC_ROOT_CLASS = YES_ERROR;
				CLANG_WARN_QUOTED_INCLUDE_IN_FRAMEWORK_HEADER = YES;
				CLANG_WARN_RANGE_LOOP_ANALYSIS = YES;
				CLANG_WARN_STRICT_PROTOTYPES = YES;
				CLANG_WARN_SUSPICIOUS_MOVE = YES;
				CLANG_WARN_UNGUARDED_AVAILABILITY = YES_AGGRESSIVE;
				CLANG_WARN_UNREACHABLE_CODE = YES;
				CLANG_WARN__DUPLICATE_METHOD_MATCH = YES;
				COPY_PHASE_STRIP = NO;
				DEBUG_INFORMATION_FORMAT = "dwarf-with-dsym";
				ENABLE_NS_ASSERTIONS = NO;
				ENABLE_STRICT_OBJC_MSGSEND = YES;
				ENABLE_USER_SCRIPT_SANDBOXING = YES;
				GCC_C_LANGUAGE_STANDARD = gnu17;
				GCC_NO_COMMON_BLOCKS = YES;
				GCC_WARN_64_TO_32_BIT_CONVERSION = YES;
				GCC_WARN_ABOUT_RETURN_TYPE = YES_ERROR;
				GCC_WARN_UNDECLARED_SELECTOR = YES;
				GCC_WARN_UNINITIALIZED_AUTOS = YES_AGGRESSIVE;
				GCC_WARN_UNUSED_FUNCTION = YES;
				GCC_WARN_UNUSED_VARIABLE = YES;
				IPHONEOS_DEPLOYMENT_TARGET = 26.0;
				LOCALIZATION_PREFERS_STRING_CATALOGS = YES;
				MTL_ENABLE_DEBUG_INFO = NO;
				MTL_FAST_MATH = YES;
				SDKROOT = iphoneos;
				SWIFT_COMPILATION_MODE = wholemodule;
				VALIDATE_PRODUCT = YES;
			};
			name = Release;
		};
		796C44F42EA958AC004A2403 /* Debug */ = {
			isa = XCBuildConfiguration;
			buildSettings = {
				ASSETCATALOG_COMPILER_APPICON_NAME = AppIcon;
				ASSETCATALOG_COMPILER_GLOBAL_ACCENT_COLOR_NAME = AccentColor;
				CLANG_ENABLE_MODULES = YES;
				CODE_SIGN_STYLE = Automatic;
				CURRENT_PROJECT_VERSION = 1;
				DEVELOPMENT_TEAM = ZN2X525H94;
				ENABLE_PREVIEWS = YES;
				GENERATE_INFOPLIST_FILE = YES;
				INFOPLIST_KEY_UIApplicationSceneManifest_Generation = YES;
				INFOPLIST_KEY_UIApplicationSupportsIndirectInputEvents = YES;
				INFOPLIST_KEY_UILaunchScreen_Generation = YES;
				INFOPLIST_KEY_UISupportedInterfaceOrientations_iPad = "UIInterfaceOrientationPortrait UIInterfaceOrientationPortraitUpsideDown UIInterfaceOrientationLandscapeLeft UIInterfaceOrientationLandscapeRight";
				INFOPLIST_KEY_UISupportedInterfaceOrientations_iPhone = "UIInterfaceOrientationPortrait UIInterfaceOrientationLandscapeLeft UIInterfaceOrientationLandscapeRight";
				IPHONEOS_DEPLOYMENT_TARGET = 18.6.2;
				LD_RUNPATH_SEARCH_PATHS = (
					"$(inherited)",
					"@executable_path/Frameworks",
				);
				MARKETING_VERSION = 1.0;
				PRODUCT_BUNDLE_IDENTIFIER = com.phongtang.homi;
				PRODUCT_NAME = "$(TARGET_NAME)";
				STRING_CATALOG_GENERATE_SYMBOLS = YES;
				SWIFT_APPROACHABLE_CONCURRENCY = YES;
				SWIFT_DEFAULT_ACTOR_ISOLATION = MainActor;
				SWIFT_EMIT_LOC_STRINGS = YES;
				SWIFT_OPTIMIZATION_LEVEL = "-Onone";
				SWIFT_UPCOMING_FEATURE_MEMBER_IMPORT_VISIBILITY = YES;
				SWIFT_VERSION = 5.0;
				TARGETED_DEVICE_FAMILY = "1,2";
			};
			name = Debug;
		};
		796C44F52EA958AC004A2403 /* Release */ = {
			isa = XCBuildConfiguration;
			buildSettings = {
				ASSETCATALOG_COMPILER_APPICON_NAME = AppIcon;
				ASSETCATALOG_COMPILER_GLOBAL_ACCENT_COLOR_NAME = AccentColor;
				CLANG_ENABLE_MODULES = YES;
				CODE_SIGN_STYLE = Automatic;
				CURRENT_PROJECT_VERSION = 1;
				DEVELOPMENT_TEAM = ZN2X525H94;
				ENABLE_PREVIEWS = YES;
				GENERATE_INFOPLIST_FILE = YES;
				INFOPLIST_KEY_UIApplicationSceneManifest_Generation = YES;
				INFOPLIST_KEY_UIApplicationSupportsIndirectInputEvents = YES;
				INFOPLIST_KEY_UILaunchScreen_Generation = YES;
				INFOPLIST_KEY_UISupportedInterfaceOrientations_iPad = "UIInterfaceOrientationPortrait UIInterfaceOrientationPortraitUpsideDown UIInterfaceOrientationLandscapeLeft UIInterfaceOrientationLandscapeRight";
				INFOPLIST_KEY_UISupportedInterfaceOrientations_iPhone = "UIInterfaceOrientationPortrait UIInterfaceOrientationLandscapeLeft UIInterfaceOrientationLandscapeRight";
				IPHONEOS_DEPLOYMENT_TARGET = 18.6.2;
				LD_RUNPATH_SEARCH_PATHS = (
					"$(inherited)",
					"@executable_path/Frameworks",
				);
				MARKETING_VERSION = 1.0;
				PRODUCT_BUNDLE_IDENTIFIER = com.phongtang.homi;
				PRODUCT_NAME = "$(TARGET_NAME)";
				STRING_CATALOG_GENERATE_SYMBOLS = YES;
				SWIFT_APPROACHABLE_CONCURRENCY = YES;
				SWIFT_DEFAULT_ACTOR_ISOLATION = MainActor;
				SWIFT_EMIT_LOC_STRINGS = YES;
				SWIFT_UPCOMING_FEATURE_MEMBER_IMPORT_VISIBILITY = YES;
				SWIFT_VERSION = 5.0;
				TARGETED_DEVICE_FAMILY = "1,2";
			};
			name = Release;
		};
/* End XCBuildConfiguration section */

/* Begin XCConfigurationList section */
		796C44E32EA958A9004A2403 /* Build configuration list for PBXProject "Homi" */ = {
			isa = XCConfigurationList;
			buildConfigurations = (
				796C44F12EA958AC004A2403 /* Debug */,
				796C44F22EA958AC004A2403 /* Release */,
			);
			defaultConfigurationIsVisible = 0;
			defaultConfigurationName = Release;
		};
		796C44F32EA958AC004A2403 /* Build configuration list for PBXNativeTarget "Homi" */ = {
			isa = XCConfigurationList;
			buildConfigurations = (
				796C44F42EA958AC004A2403 /* Debug */,
				796C44F52EA958AC004A2403 /* Release */,
			);
			defaultConfigurationIsVisible = 0;
			defaultConfigurationName = Release;
		};
/* End XCConfigurationList section */
	};
	rootObject = 796C44E02EA958A9004A2403 /* Project object */;
}
